# THIS IS AN AUTOGENERATED FILE. DO NOT EDIT THIS FILE DIRECTLY.
# yarn lockfile v1


prettier@^2.5.1:
  version "2.5.1"
  resolved "https://artifactory.tutu.ru/artifactory/api/npm/npm-common/prettier/-/prettier-2.5.1.tgz#fff75fa9d519c54cf0fce328c1017d94546bc56a"
  integrity sha1-//dfqdUZxUzw/OMowQF9lFRrxWo=
