# THIS IS AN AUTOGENERATED FILE. DO NOT EDIT THIS FILE DIRECTLY.
# yarn lockfile v1


concolor@^1.0.2:
  version "1.0.2"
  resolved "https://registry.yarnpkg.com/concolor/-/concolor-1.0.2.tgz#384c8dc1a2f59d83e9a45d9f08a8010442a454bd"
  integrity sha512-EM1ZsJ2DcUTDqCWC55SDXvqonn7wmmrFQWpLGLIP8FExkZoqqvMYlYYfnUGwLbPrB41Y6K7voYI8jiS3BmszSw==

metalog@^3.1.6:
  version "3.1.6"
  resolved "https://registry.yarnpkg.com/metalog/-/metalog-3.1.6.tgz#a05afbd91c9980192996a4e94e3049a97fd9989e"
  integrity sha512-AJtd3gx7dRbg2IfUpQYxiVoFXIQ3ltQwmUjIKlA7M5ATfSPibbACpg14LJGK8wE6JYdeRB7CP6gIu37MfTlkdg==
  dependencies:
    concolor "^1.0.2"
    metautil "^3.5.16"

metautil@^3.5.16:
  version "3.5.18"
  resolved "https://registry.yarnpkg.com/metautil/-/metautil-3.5.18.tgz#93f19f27ccf14bdff84942bfd96bed520486f002"
  integrity sha512-xhSeUDXkubK3O7/MqA2/t0rG6b5PDhCb86ChDzQ/Y6J+aNJJxwzkhch1b/HBYQ49By3tgnS86Jt7qsDVJxTy1w==
