# THIS IS AN AUTOGENERATED FILE. DO NOT EDIT THIS FILE DIRECTLY.
# yarn lockfile v1


sandboxed-fs@^0.3.2:
  version "0.3.2"
  resolved "https://registry.yarnpkg.com/sandboxed-fs/-/sandboxed-fs-0.3.2.tgz#e03e4984aea4de9151bcbb7af3f8dc638efa916d"
  integrity sha512-MVatejmW+hJ5ovkxQkJJO0EsTbdjh9LhvQcGgVRu64NJCchR9yCuUcXLoDSuS4E9bbOyWHa9HZZPCD1bqET3uQ==
